// !$*UTF8*$!
{
	archiveVersion = 1;
	classes = {
	};
	objectVersion = 56;
	objects = {

/* Begin PBXBuildFile section */
		F34330532A8FCF25006BF5F2 /* CICDProjectApp.swift in Sources */ = {isa = PBXBuildFile; fileRef = F34330522A8FCF25006BF5F2 /* CICDProjectApp.swift */; };
		F34330552A8FCF25006BF5F2 /* ContentView.swift in Sources */ = {isa = PBXBuildFile; fileRef = F34330542A8FCF25006BF5F2 /* ContentView.swift */; };
		F34330572A8FCF27006BF5F2 /* Assets.xcassets in Resources */ = {isa = PBXBuildFile; fileRef = F34330562A8FCF27006BF5F2 /* Assets.xcassets */; };
		F343305A2A8FCF27006BF5F2 /* Preview Assets.xcassets in Resources */ = {isa = PBXBuildFile; fileRef = F34330592A8FCF27006BF5F2 /* Preview Assets.xcassets */; };
		F34330642A8FCF27006BF5F2 /* CICDProjectTests.swift in Sources */ = {isa = PBXBuildFile; fileRef = F34330632A8FCF27006BF5F2 /* CICDProjectTests.swift */; };
		F343306E2A8FCF28006BF5F2 /* CICDProjectUITests.swift in Sources */ = {isa = PBXBuildFile; fileRef = F343306D2A8FCF28006BF5F2 /* CICDProjectUITests.swift */; };
		F34330702A8FCF28006BF5F2 /* CICDProjectUITestsLaunchTests.swift in Sources */ = {isa = PBXBuildFile; fileRef = F343306F2A8FCF28006BF5F2 /* CICDProjectUITestsLaunchTests.swift */; };
/* End PBXBuildFile section */

/* Begin PBXContainerItemProxy section */
		F34330602A8FCF27006BF5F2 /* PBXContainerItemProxy */ = {
			isa = PBXContainerItemProxy;
			containerPortal = F34330472A8FCF25006BF5F2 /* Project object */;
			proxyType = 1;
			remoteGlobalIDString = F343304E2A8FCF25006BF5F2;
			remoteInfo = CICDProject;
		};
		F343306A2A8FCF28006BF5F2 /* PBXContainerItemProxy */ = {
			isa = PBXContainerItemProxy;
			containerPortal = F34330472A8FCF25006BF5F2 /* Project object */;
			proxyType = 1;
			remoteGlobalIDString = F343304E2A8FCF25006BF5F2;
			remoteInfo = CICDProject;
		};
/* End PBXContainerItemProxy section */

/* Begin PBXFileReference section */
		F343304F2A8FCF25006BF5F2 /* CICDProject.app */ = {isa = PBXFileReference; explicitFileType = wrapper.application; includeInIndex = 0; path = CICDProject.app; sourceTree = BUILT_PRODUCTS_DIR; };
		F34330522A8FCF25006BF5F2 /* CICDProjectApp.swift */ = {isa = PBXFileReference; lastKnownFileType = sourcecode.swift; path = CICDProjectApp.swift; sourceTree = "<group>"; };
		F34330542A8FCF25006BF5F2 /* ContentView.swift */ = {isa = PBXFileReference; lastKnownFileType = sourcecode.swift; path = ContentView.swift; sourceTree = "<group>"; };
		F34330562A8FCF27006BF5F2 /* Assets.xcassets */ = {isa = PBXFileReference; lastKnownFileType = folder.assetcatalog; path = Assets.xcassets; sourceTree = "<group>"; };
		F34330592A8FCF27006BF5F2 /* Preview Assets.xcassets */ = {isa = PBXFileReference; lastKnownFileType = folder.assetcatalog; path = "Preview Assets.xcassets"; sourceTree = "<group>"; };
		F343305F2A8FCF27006BF5F2 /* CICDProjectTests.xctest */ = {isa = PBXFileReference; explicitFileType = wrapper.cfbundle; includeInIndex = 0; path = CICDProjectTests.xctest; sourceTree = BUILT_PRODUCTS_DIR; };
		F34330632A8FCF27006BF5F2 /* CICDProjectTests.swift */ = {isa = PBXFileReference; lastKnownFileType = sourcecode.swift; path = CICDProjectTests.swift; sourceTree = "<group>"; };
		F34330692A8FCF28006BF5F2 /* CICDProjectUITests.xctest */ = {isa = PBXFileReference; explicitFileType = wrapper.cfbundle; includeInIndex = 0; path = CICDProjectUITests.xctest; sourceTree = BUILT_PRODUCTS_DIR; };
		F343306D2A8FCF28006BF5F2 /* CICDProjectUITests.swift */ = {isa = PBXFileReference; lastKnownFileType = sourcecode.swift; path = CICDProjectUITests.swift; sourceTree = "<group>"; };
		F343306F2A8FCF28006BF5F2 /* CICDProjectUITestsLaunchTests.swift */ = {isa = PBXFileReference; lastKnownFileType = sourcecode.swift; path = CICDProjectUITestsLaunchTests.swift; sourceTree = "<group>"; };
/* End PBXFileReference section */

/* Begin PBXFrameworksBuildPhase section */
		F343304C2A8FCF25006BF5F2 /* Frameworks */ = {
			isa = PBXFrameworksBuildPhase;
			buildActionMask = 2147483647;
			files = (
			);
			runOnlyForDeploymentPostprocessing = 0;
		};
		F343305C2A8FCF27006BF5F2 /* Frameworks */ = {
			isa = PBXFrameworksBuildPhase;
			buildActionMask = 2147483647;
			files = (
			);
			runOnlyForDeploymentPostprocessing = 0;
		};
		F34330662A8FCF28006BF5F2 /* Frameworks */ = {
			isa = PBXFrameworksBuildPhase;
			buildActionMask = 2147483647;
			files = (
			);
			runOnlyForDeploymentPostprocessing = 0;
		};
/* End PBXFrameworksBuildPhase section */

/* Begin PBXGroup section */
		F34330462A8FCF25006BF5F2 = {
			isa = PBXGroup;
			children = (
				F34330512A8FCF25006BF5F2 /* CICDProject */,
				F34330622A8FCF27006BF5F2 /* CICDProjectTests */,
				F343306C2A8FCF28006BF5F2 /* CICDProjectUITests */,
				F34330502A8FCF25006BF5F2 /* Products */,
			);
			sourceTree = "<group>";
		};
		F34330502A8FCF25006BF5F2 /* Products */ = {
			isa = PBXGroup;
			children = (
				F343304F2A8FCF25006BF5F2 /* CICDProject.app */,
				F343305F2A8FCF27006BF5F2 /* CICDProjectTests.xctest */,
				F34330692A8FCF28006BF5F2 /* CICDProjectUITests.xctest */,
			);
			name = Products;
			sourceTree = "<group>";
		};
		F34330512A8FCF25006BF5F2 /* CICDProject */ = {
			isa = PBXGroup;
			children = (
				F34330522A8FCF25006BF5F2 /* CICDProjectApp.swift */,
				F34330542A8FCF25006BF5F2 /* ContentView.swift */,
				F34330562A8FCF27006BF5F2 /* Assets.xcassets */,
				F34330582A8FCF27006BF5F2 /* Preview Content */,
			);
			path = CICDProject;
			sourceTree = "<group>";
		};
		F34330582A8FCF27006BF5F2 /* Preview Content */ = {
			isa = PBXGroup;
			children = (
				F34330592A8FCF27006BF5F2 /* Preview Assets.xcassets */,
			);
			path = "Preview Content";
			sourceTree = "<group>";
		};
		F34330622A8FCF27006BF5F2 /* CICDProjectTests */ = {
			isa = PBXGroup;
			children = (
				F34330632A8FCF27006BF5F2 /* CICDProjectTests.swift */,
			);
			path = CICDProjectTests;
			sourceTree = "<group>";
		};
		F343306C2A8FCF28006BF5F2 /* CICDProjectUITests */ = {
			isa = PBXGroup;
			children = (
				F343306D2A8FCF28006BF5F2 /* CICDProjectUITests.swift */,
				F343306F2A8FCF28006BF5F2 /* CICDProjectUITestsLaunchTests.swift */,
			);
			path = CICDProjectUITests;
			sourceTree = "<group>";
		};
/* End PBXGroup section */

/* Begin PBXNativeTarget section */
		F343304E2A8FCF25006BF5F2 /* CICDProject */ = {
			isa = PBXNativeTarget;
			buildConfigurationList = F34330732A8FCF28006BF5F2 /* Build configuration list for PBXNativeTarget "CICDProject" */;
			buildPhases = (
				F343304B2A8FCF25006BF5F2 /* Sources */,
				F343304C2A8FCF25006BF5F2 /* Frameworks */,
				F343304D2A8FCF25006BF5F2 /* Resources */,
			);
			buildRules = (
			);
			dependencies = (
			);
			name = CICDProject;
			productName = CICDProject;
			productReference = F343304F2A8FCF25006BF5F2 /* CICDProject.app */;
			productType = "com.apple.product-type.application";
		};
		F343305E2A8FCF27006BF5F2 /* CICDProjectTests */ = {
			isa = PBXNativeTarget;
			buildConfigurationList = F34330762A8FCF28006BF5F2 /* Build configuration list for PBXNativeTarget "CICDProjectTests" */;
			buildPhases = (
				F343305B2A8FCF27006BF5F2 /* Sources */,
				F343305C2A8FCF27006BF5F2 /* Frameworks */,
				F343305D2A8FCF27006BF5F2 /* Resources */,
			);
			buildRules = (
			);
			dependencies = (
				F34330612A8FCF27006BF5F2 /* PBXTargetDependency */,
			);
			name = CICDProjectTests;
			productName = CICDProjectTests;
			productReference = F343305F2A8FCF27006BF5F2 /* CICDProjectTests.xctest */;
			productType = "com.apple.product-type.bundle.unit-test";
		};
		F34330682A8FCF28006BF5F2 /* CICDProjectUITests */ = {
			isa = PBXNativeTarget;
			buildConfigurationList = F34330792A8FCF28006BF5F2 /* Build configuration list for PBXNativeTarget "CICDProjectUITests" */;
			buildPhases = (
				F34330652A8FCF28006BF5F2 /* Sources */,
				F34330662A8FCF28006BF5F2 /* Frameworks */,
				F34330672A8FCF28006BF5F2 /* Resources */,
			);
			buildRules = (
			);
			dependencies = (
				F343306B2A8FCF28006BF5F2 /* PBXTargetDependency */,
			);
			name = CICDProjectUITests;
			productName = CICDProjectUITests;
			productReference = F34330692A8FCF28006BF5F2 /* CICDProjectUITests.xctest */;
			productType = "com.apple.product-type.bundle.ui-testing";
		};
/* End PBXNativeTarget section */

/* Begin PBXProject section */
		F34330472A8FCF25006BF5F2 /* Project object */ = {
			isa = PBXProject;
			attributes = {
				BuildIndependentTargetsInParallel = 1;
				LastSwiftUpdateCheck = 1430;
				LastUpgradeCheck = 1430;
				TargetAttributes = {
					F343304E2A8FCF25006BF5F2 = {
						CreatedOnToolsVersion = 14.3;
					};
					F343305E2A8FCF27006BF5F2 = {
						CreatedOnToolsVersion = 14.3;
						TestTargetID = F343304E2A8FCF25006BF5F2;
					};
					F34330682A8FCF28006BF5F2 = {
						CreatedOnToolsVersion = 14.3;
						TestTargetID = F343304E2A8FCF25006BF5F2;
					};
				};
			};
			buildConfigurationList = F343304A2A8FCF25006BF5F2 /* Build configuration list for PBXProject "CICDProject" */;
			compatibilityVersion = "Xcode 14.0";
			developmentRegion = en;
			hasScannedForEncodings = 0;
			knownRegions = (
				en,
				Base,
			);
			mainGroup = F34330462A8FCF25006BF5F2;
			productRefGroup = F34330502A8FCF25006BF5F2 /* Products */;
			projectDirPath = "";
			projectRoot = "";
			targets = (
				F343304E2A8FCF25006BF5F2 /* CICDProject */,
				F343305E2A8FCF27006BF5F2 /* CICDProjectTests */,
				F34330682A8FCF28006BF5F2 /* CICDProjectUITests */,
			);
		};
/* End PBXProject section */

/* Begin PBXResourcesBuildPhase section */
		F343304D2A8FCF25006BF5F2 /* Resources */ = {
			isa = PBXResourcesBuildPhase;
			buildActionMask = 2147483647;
			files = (
				F343305A2A8FCF27006BF5F2 /* Preview Assets.xcassets in Resources */,
				F34330572A8FCF27006BF5F2 /* Assets.xcassets in Resources */,
			);
			runOnlyForDeploymentPostprocessing = 0;
		};
		F343305D2A8FCF27006BF5F2 /* Resources */ = {
			isa = PBXResourcesBuildPhase;
			buildActionMask = 2147483647;
			files = (
			);
			runOnlyForDeploymentPostprocessing = 0;
		};
		F34330672A8FCF28006BF5F2 /* Resources */ = {
			isa = PBXResourcesBuildPhase;
			buildActionMask = 2147483647;
			files = (
			);
			runOnlyForDeploymentPostprocessing = 0;
		};
/* End PBXResourcesBuildPhase section */

/* Begin PBXSourcesBuildPhase section */
		F343304B2A8FCF25006BF5F2 /* Sources */ = {
			isa = PBXSourcesBuildPhase;
			buildActionMask = 2147483647;
			files = (
				F34330552A8FCF25006BF5F2 /* ContentView.swift in Sources */,
				F34330532A8FCF25006BF5F2 /* CICDProjectApp.swift in Sources */,
			);
			runOnlyForDeploymentPostprocessing = 0;
		};
		F343305B2A8FCF27006BF5F2 /* Sources */ = {
			isa = PBXSourcesBuildPhase;
			buildActionMask = 2147483647;
			files = (
				F34330642A8FCF27006BF5F2 /* CICDProjectTests.swift in Sources */,
			);
			runOnlyForDeploymentPostprocessing = 0;
		};
		F34330652A8FCF28006BF5F2 /* Sources */ = {
			isa = PBXSourcesBuildPhase;
			buildActionMask = 2147483647;
			files = (
				F343306E2A8FCF28006BF5F2 /* CICDProjectUITests.swift in Sources */,
				F34330702A8FCF28006BF5F2 /* CICDProjectUITestsLaunchTests.swift in Sources */,
			);
			runOnlyForDeploymentPostprocessing = 0;
		};
/* End PBXSourcesBuildPhase section */

/* Begin PBXTargetDependency section */
		F34330612A8FCF27006BF5F2 /* PBXTargetDependency */ = {
			isa = PBXTargetDependency;
			target = F343304E2A8FCF25006BF5F2 /* CICDProject */;
			targetProxy = F34330602A8FCF27006BF5F2 /* PBXContainerItemProxy */;
		};
		F343306B2A8FCF28006BF5F2 /* PBXTargetDependency */ = {
			isa = PBXTargetDependency;
			target = F343304E2A8FCF25006BF5F2 /* CICDProject */;
			targetProxy = F343306A2A8FCF28006BF5F2 /* PBXContainerItemProxy */;
		};
/* End PBXTargetDependency section */

/* Begin XCBuildConfiguration section */
		F34330712A8FCF28006BF5F2 /* Debug */ = {
			isa = XCBuildConfiguration;
			buildSettings = {
				ALWAYS_SEARCH_USER_PATHS = NO;
				CLANG_ANALYZER_NONNULL = YES;
				CLANG_ANALYZER_NUMBER_OBJECT_CONVERSION = YES_AGGRESSIVE;
				CLANG_CXX_LANGUAGE_STANDARD = "gnu++20";
				CLANG_ENABLE_MODULES = YES;
				CLANG_ENABLE_OBJC_ARC = YES;
				CLANG_ENABLE_OBJC_WEAK = YES;
				CLANG_WARN_BLOCK_CAPTURE_AUTORELEASING = YES;
				CLANG_WARN_BOOL_CONVERSION = YES;
				CLANG_WARN_COMMA = YES;
				CLANG_WARN_CONSTANT_CONVERSION = YES;
				CLANG_WARN_DEPRECATED_OBJC_IMPLEMENTATIONS = YES;
				CLANG_WARN_DIRECT_OBJC_ISA_USAGE = YES_ERROR;
				CLANG_WARN_DOCUMENTATION_COMMENTS = YES;
				CLANG_WARN_EMPTY_BODY = YES;
				CLANG_WARN_ENUM_CONVERSION = YES;
				CLANG_WARN_INFINITE_RECURSION = YES;
				CLANG_WARN_INT_CONVERSION = YES;
				CLANG_WARN_NON_LITERAL_NULL_CONVERSION = YES;
				CLANG_WARN_OBJC_IMPLICIT_RETAIN_SELF = YES;
				CLANG_WARN_OBJC_LITERAL_CONVERSION = YES;
				CLANG_WARN_OBJC_ROOT_CLASS = YES_ERROR;
				CLANG_WARN_QUOTED_INCLUDE_IN_FRAMEWORK_HEADER = YES;
				CLANG_WARN_RANGE_LOOP_ANALYSIS = YES;
				CLANG_WARN_STRICT_PROTOTYPES = YES;
				CLANG_WARN_SUSPICIOUS_MOVE = YES;
				CLANG_WARN_UNGUARDED_AVAILABILITY = YES_AGGRESSIVE;
				CLANG_WARN_UNREACHABLE_CODE = YES;
				CLANG_WARN__DUPLICATE_METHOD_MATCH = YES;
				COPY_PHASE_STRIP = NO;
				DEBUG_INFORMATION_FORMAT = dwarf;
				ENABLE_STRICT_OBJC_MSGSEND = YES;
				ENABLE_TESTABILITY = YES;
				GCC_C_LANGUAGE_STANDARD = gnu11;
				GCC_DYNAMIC_NO_PIC = NO;
				GCC_NO_COMMON_BLOCKS = YES;
				GCC_OPTIMIZATION_LEVEL = 0;
				GCC_PREPROCESSOR_DEFINITIONS = (
					"DEBUG=1",
					"$(inherited)",
				);
				GCC_WARN_64_TO_32_BIT_CONVERSION = YES;
				GCC_WARN_ABOUT_RETURN_TYPE = YES_ERROR;
				GCC_WARN_UNDECLARED_SELECTOR = YES;
				GCC_WARN_UNINITIALIZED_AUTOS = YES_AGGRESSIVE;
				GCC_WARN_UNUSED_FUNCTION = YES;
				GCC_WARN_UNUSED_VARIABLE = YES;
				IPHONEOS_DEPLOYMENT_TARGET = 16.4;
				MTL_ENABLE_DEBUG_INFO = INCLUDE_SOURCE;
				MTL_FAST_MATH = YES;
				ONLY_ACTIVE_ARCH = YES;
				SDKROOT = iphoneos;
				SWIFT_ACTIVE_COMPILATION_CONDITIONS = DEBUG;
				SWIFT_OPTIMIZATION_LEVEL = "-Onone";
			};
			name = Debug;
		};
		F34330722A8FCF28006BF5F2 /* Release */ = {
			isa = XCBuildConfiguration;
			buildSettings = {
				ALWAYS_SEARCH_USER_PATHS = NO;
				CLANG_ANALYZER_NONNULL = YES;
				CLANG_ANALYZER_NUMBER_OBJECT_CONVERSION = YES_AGGRESSIVE;
				CLANG_CXX_LANGUAGE_STANDARD = "gnu++20";
				CLANG_ENABLE_MODULES = YES;
				CLANG_ENABLE_OBJC_ARC = YES;
				CLANG_ENABLE_OBJC_WEAK = YES;
				CLANG_WARN_BLOCK_CAPTURE_AUTORELEASING = YES;
				CLANG_WARN_BOOL_CONVERSION = YES;
				CLANG_WARN_COMMA = YES;
				CLANG_WARN_CONSTANT_CONVERSION = YES;
				CLANG_WARN_DEPRECATED_OBJC_IMPLEMENTATIONS = YES;
				CLANG_WARN_DIRECT_OBJC_ISA_USAGE = YES_ERROR;
				CLANG_WARN_DOCUMENTATION_COMMENTS = YES;
				CLANG_WARN_EMPTY_BODY = YES;
				CLANG_WARN_ENUM_CONVERSION = YES;
				CLANG_WARN_INFINITE_RECURSION = YES;
				CLANG_WARN_INT_CONVERSION = YES;
				CLANG_WARN_NON_LITERAL_NULL_CONVERSION = YES;
				CLANG_WARN_OBJC_IMPLICIT_RETAIN_SELF = YES;
				CLANG_WARN_OBJC_LITERAL_CONVERSION = YES;
				CLANG_WARN_OBJC_ROOT_CLASS = YES_ERROR;
				CLANG_WARN_QUOTED_INCLUDE_IN_FRAMEWORK_HEADER = YES;
				CLANG_WARN_RANGE_LOOP_ANALYSIS = YES;
				CLANG_WARN_STRICT_PROTOTYPES = YES;
				CLANG_WARN_SUSPICIOUS_MOVE = YES;
				CLANG_WARN_UNGUARDED_AVAILABILITY = YES_AGGRESSIVE;
				CLANG_WARN_UNREACHABLE_CODE = YES;
				CLANG_WARN__DUPLICATE_METHOD_MATCH = YES;
				COPY_PHASE_STRIP = NO;
				DEBUG_INFORMATION_FORMAT = "dwarf-with-dsym";
				ENABLE_NS_ASSERTIONS = NO;
				ENABLE_STRICT_OBJC_MSGSEND = YES;
				GCC_C_LANGUAGE_STANDARD = gnu11;
				GCC_NO_COMMON_BLOCKS = YES;
				GCC_WARN_64_TO_32_BIT_CONVERSION = YES;
				GCC_WARN_ABOUT_RETURN_TYPE = YES_ERROR;
				GCC_WARN_UNDECLARED_SELECTOR = YES;
				GCC_WARN_UNINITIALIZED_AUTOS = YES_AGGRESSIVE;
				GCC_WARN_UNUSED_FUNCTION = YES;
				GCC_WARN_UNUSED_VARIABLE = YES;
				IPHONEOS_DEPLOYMENT_TARGET = 16.4;
				MTL_ENABLE_DEBUG_INFO = NO;
				MTL_FAST_MATH = YES;
				SDKROOT = iphoneos;
				SWIFT_COMPILATION_MODE = wholemodule;
				SWIFT_OPTIMIZATION_LEVEL = "-O";
				VALIDATE_PRODUCT = YES;
			};
			name = Release;
		};
		F34330742A8FCF28006BF5F2 /* Debug */ = {
			isa = XCBuildConfiguration;
			buildSettings = {
				ASSETCATALOG_COMPILER_APPICON_NAME = AppIcon;
				ASSETCATALOG_COMPILER_GLOBAL_ACCENT_COLOR_NAME = AccentColor;
				CODE_SIGN_STYLE = Automatic;
				CURRENT_PROJECT_VERSION = 1;
				DEVELOPMENT_ASSET_PATHS = "\"CICDProject/Preview Content\"";
				DEVELOPMENT_TEAM = D96C7M7SVH;
				ENABLE_PREVIEWS = YES;
				GENERATE_INFOPLIST_FILE = YES;
				INFOPLIST_KEY_UIApplicationSceneManifest_Generation = YES;
				INFOPLIST_KEY_UIApplicationSupportsIndirectInputEvents = YES;
				INFOPLIST_KEY_UILaunchScreen_Generation = YES;
				INFOPLIST_KEY_UISupportedInterfaceOrientations_iPad = "UIInterfaceOrientationPortrait UIInterfaceOrientationPortraitUpsideDown UIInterfaceOrientationLandscapeLeft UIInterfaceOrientationLandscapeRight";
				INFOPLIST_KEY_UISupportedInterfaceOrientations_iPhone = "UIInterfaceOrientationPortrait UIInterfaceOrientationLandscapeLeft UIInterfaceOrientationLandscapeRight";
				LD_RUNPATH_SEARCH_PATHS = (
					"$(inherited)",
					"@executable_path/Frameworks",
				);
				MARKETING_VERSION = 1.0;
				PRODUCT_BUNDLE_IDENTIFIER = com.ITC.CICDProject;
				PRODUCT_NAME = "$(TARGET_NAME)";
				SWIFT_EMIT_LOC_STRINGS = YES;
				SWIFT_VERSION = 5.0;
				TARGETED_DEVICE_FAMILY = "1,2";
			};
			name = Debug;
		};
		F34330752A8FCF28006BF5F2 /* Release */ = {
			isa = XCBuildConfiguration;
			buildSettings = {
				ASSETCATALOG_COMPILER_APPICON_NAME = AppIcon;
				ASSETCATALOG_COMPILER_GLOBAL_ACCENT_COLOR_NAME = AccentColor;
				CODE_SIGN_STYLE = Automatic;
				CURRENT_PROJECT_VERSION = 1;
				DEVELOPMENT_ASSET_PATHS = "\"CICDProject/Preview Content\"";
				DEVELOPMENT_TEAM = D96C7M7SVH;
				ENABLE_PREVIEWS = YES;
				GENERATE_INFOPLIST_FILE = YES;
				INFOPLIST_KEY_UIApplicationSceneManifest_Generation = YES;
				INFOPLIST_KEY_UIApplicationSupportsIndirectInputEvents = YES;
				INFOPLIST_KEY_UILaunchScreen_Generation = YES;
				INFOPLIST_KEY_UISupportedInterfaceOrientations_iPad = "UIInterfaceOrientationPortrait UIInterfaceOrientationPortraitUpsideDown UIInterfaceOrientationLandscapeLeft UIInterfaceOrientationLandscapeRight";
				INFOPLIST_KEY_UISupportedInterfaceOrientations_iPhone = "UIInterfaceOrientationPortrait UIInterfaceOrientationLandscapeLeft UIInterfaceOrientationLandscapeRight";
				LD_RUNPATH_SEARCH_PATHS = (
					"$(inherited)",
					"@executable_path/Frameworks",
				);
				MARKETING_VERSION = 1.0;
				PRODUCT_BUNDLE_IDENTIFIER = com.ITC.CICDProject;
				PRODUCT_NAME = "$(TARGET_NAME)";
				SWIFT_EMIT_LOC_STRINGS = YES;
				SWIFT_VERSION = 5.0;
				TARGETED_DEVICE_FAMILY = "1,2";
			};
			name = Release;
		};
		F34330772A8FCF28006BF5F2 /* Debug */ = {
			isa = XCBuildConfiguration;
			buildSettings = {
				ALWAYS_EMBED_SWIFT_STANDARD_LIBRARIES = YES;
				BUNDLE_LOADER = "$(TEST_HOST)";
				CODE_SIGN_STYLE = Automatic;
				CURRENT_PROJECT_VERSION = 1;
				DEVELOPMENT_TEAM = D96C7M7SVH;
				GENERATE_INFOPLIST_FILE = YES;
				IPHONEOS_DEPLOYMENT_TARGET = 16.4;
				MARKETING_VERSION = 1.0;
				PRODUCT_BUNDLE_IDENTIFIER = com.ITC.CICDProjectTests;
				PRODUCT_NAME = "$(TARGET_NAME)";
				SWIFT_EMIT_LOC_STRINGS = NO;
				SWIFT_VERSION = 5.0;
				TARGETED_DEVICE_FAMILY = "1,2";
				TEST_HOST = "$(BUILT_PRODUCTS_DIR)/CICDProject.app/$(BUNDLE_EXECUTABLE_FOLDER_PATH)/CICDProject";
			};
			name = Debug;
		};
		F34330782A8FCF28006BF5F2 /* Release */ = {
			isa = XCBuildConfiguration;
			buildSettings = {
				ALWAYS_EMBED_SWIFT_STANDARD_LIBRARIES = YES;
				BUNDLE_LOADER = "$(TEST_HOST)";
				CODE_SIGN_STYLE = Automatic;
				CURRENT_PROJECT_VERSION = 1;
				DEVELOPMENT_TEAM = D96C7M7SVH;
				GENERATE_INFOPLIST_FILE = YES;
				IPHONEOS_DEPLOYMENT_TARGET = 16.4;
				MARKETING_VERSION = 1.0;
				PRODUCT_BUNDLE_IDENTIFIER = com.ITC.CICDProjectTests;
				PRODUCT_NAME = "$(TARGET_NAME)";
				SWIFT_EMIT_LOC_STRINGS = NO;
				SWIFT_VERSION = 5.0;
				TARGETED_DEVICE_FAMILY = "1,2";
				TEST_HOST = "$(BUILT_PRODUCTS_DIR)/CICDProject.app/$(BUNDLE_EXECUTABLE_FOLDER_PATH)/CICDProject";
			};
			name = Release;
		};
		F343307A2A8FCF28006BF5F2 /* Debug */ = {
			isa = XCBuildConfiguration;
			buildSettings = {
				ALWAYS_EMBED_SWIFT_STANDARD_LIBRARIES = YES;
				CODE_SIGN_STYLE = Automatic;
				CURRENT_PROJECT_VERSION = 1;
				DEVELOPMENT_TEAM = D96C7M7SVH;
				GENERATE_INFOPLIST_FILE = YES;
				MARKETING_VERSION = 1.0;
				PRODUCT_BUNDLE_IDENTIFIER = com.ITC.CICDProjectUITests;
				PRODUCT_NAME = "$(TARGET_NAME)";
				SWIFT_EMIT_LOC_STRINGS = NO;
				SWIFT_VERSION = 5.0;
				TARGETED_DEVICE_FAMILY = "1,2";
				TEST_TARGET_NAME = CICDProject;
			};
			name = Debug;
		};
		F343307B2A8FCF28006BF5F2 /* Release */ = {
			isa = XCBuildConfiguration;
			buildSettings = {
				ALWAYS_EMBED_SWIFT_STANDARD_LIBRARIES = YES;
				CODE_SIGN_STYLE = Automatic;
				CURRENT_PROJECT_VERSION = 1;
				DEVELOPMENT_TEAM = D96C7M7SVH;
				GENERATE_INFOPLIST_FILE = YES;
				MARKETING_VERSION = 1.0;
				PRODUCT_BUNDLE_IDENTIFIER = com.ITC.CICDProjectUITests;
				PRODUCT_NAME = "$(TARGET_NAME)";
				SWIFT_EMIT_LOC_STRINGS = NO;
				SWIFT_VERSION = 5.0;
				TARGETED_DEVICE_FAMILY = "1,2";
				TEST_TARGET_NAME = CICDProject;
			};
			name = Release;
		};
/* End XCBuildConfiguration section */

/* Begin XCConfigurationList section */
		F343304A2A8FCF25006BF5F2 /* Build configuration list for PBXProject "CICDProject" */ = {
			isa = XCConfigurationList;
			buildConfigurations = (
				F34330712A8FCF28006BF5F2 /* Debug */,
				F34330722A8FCF28006BF5F2 /* Release */,
			);
			defaultConfigurationIsVisible = 0;
			defaultConfigurationName = Release;
		};
		F34330732A8FCF28006BF5F2 /* Build configuration list for PBXNativeTarget "CICDProject" */ = {
			isa = XCConfigurationList;
			buildConfigurations = (
				F34330742A8FCF28006BF5F2 /* Debug */,
				F34330752A8FCF28006BF5F2 /* Release */,
			);
			defaultConfigurationIsVisible = 0;
			defaultConfigurationName = Release;
		};
		F34330762A8FCF28006BF5F2 /* Build configuration list for PBXNativeTarget "CICDProjectTests" */ = {
			isa = XCConfigurationList;
			buildConfigurations = (
				F34330772A8FCF28006BF5F2 /* Debug */,
				F34330782A8FCF28006BF5F2 /* Release */,
			);
			defaultConfigurationIsVisible = 0;
			defaultConfigurationName = Release;
		};
		F34330792A8FCF28006BF5F2 /* Build configuration list for PBXNativeTarget "CICDProjectUITests" */ = {
			isa = XCConfigurationList;
			buildConfigurations = (
				F343307A2A8FCF28006BF5F2 /* Debug */,
				F343307B2A8FCF28006BF5F2 /* Release */,
			);
			defaultConfigurationIsVisible = 0;
			defaultConfigurationName = Release;
		};
/* End XCConfigurationList section */
	};
	rootObject = F34330472A8FCF25006BF5F2 /* Project object */;
}
